PODS:
  - Capacitor (4.3.0):
    - CapacitorCordova
  - CapacitorCordova (4.3.0)
  - CapacitorStatusBar (4.0.1):
    - Capacitor

DEPENDENCIES:
  - "Capacitor (from `../../node_modules/@capacitor/ios`)"
  - "CapacitorCordova (from `../../node_modules/@capacitor/ios`)"
  - "CapacitorStatusBar (from `../../node_modules/@capacitor/status-bar`)"

EXTERNAL SOURCES:
  Capacitor:
    :path: "../../node_modules/@capacitor/ios"
  CapacitorCordova:
    :path: "../../node_modules/@capacitor/ios"
  CapacitorStatusBar:
    :path: "../../node_modules/@capacitor/status-bar"

SPEC CHECKSUMS:
  Capacitor: 5534f805df231c76164e1d63119bff7b4eac6cd5
  CapacitorCordova: 19a82a3b91fbeb9bdd049729551edc3cd7e5e648
  CapacitorStatusBar: e6cf2a9ed07f92ddae9ca101be36d08c61866b35

PODFILE CHECKSUM: fb6b0853c309f7e22b75d4c9bb586b3d3aa92a4b

COCOAPODS: 1.11.3
